<?xml version="1.0" encoding="utf-8"?>
<Project ToolsVersion="4.0" xmlns="http://schemas.microsoft.com/developer/msbuild/2003">
  <ItemGroup>
    <ClCompile Include="scr\other_tools.cpp" />
    <ClCompile Include="scr\file_picker.cpp" />
    <ClCompile Include="capture\capture.cpp" />
    <ClCompile Include="capture\capture_utils.cpp" />
    <ClCompile Include="capture\udp_capture.cpp" />
    <ClCompile Include="capture\tcp_capture.cpp" />
    <ClCompile Include="capture\opencv_capture.cpp" />
    <ClCompile Include="capture\mf_capture.cpp" />
    <ClCompile Include="mouse\ghub.cpp" />
    <ClCompile Include="mouse\hid.c" />
    <ClCompile Include="mouse\KmboxAConnection.cpp" />
    <ClCompile Include="mouse\kmboxA.cpp" />
    <ClCompile Include="mouse\kmboxNetConnection.cpp" />
    <ClCompile Include="mouse\kmbox_net\kmboxNet.cpp" />
    <ClCompile Include="mouse\Makcu.cpp" />
    <ClCompile Include="mouse\mouse.cpp" />
    <ClCompile Include="mouse\Arduino.cpp" />
    <ClCompile Include="mouse\AimbotTarget.cpp" />
    <ClCompile Include="detector\trt_detector.cpp" />
    <ClCompile Include="detector\dml_detector.cpp" />
    <ClCompile Include="detector\detection_buffer.cpp" />
    <ClCompile Include="detector\postProcess.cpp" />
    <ClCompile Include="detector\model_inspector.cpp" />
    <ClCompile Include="tensorrt\nvinf.cpp" />
    <ClCompile Include="keyboard\keyboard_listener.cpp" />
    <ClCompile Include="keyboard\keycodes.cpp" />
    <ClCompile Include="config\config.cpp" />
    <ClCompile Include="mem\gpu_resource_manager.cpp" />
    <ClCompile Include="mem\cpu_affinity_manager.cpp" />
    <ClCompile Include="modules\makcu\src\makcu.cpp" />
    <ClCompile Include="modules\makcu\src\serialport.cpp" />
    <ClCompile Include="depth\depth_anything_trt.cpp" />
    <ClCompile Include="depth\depth_mask.cpp" />
    <ClCompile Include="depth\depth_utils.cpp" />
    <ClCompile Include="runtime\active_hotkey.cpp" />
    <ClCompile Include="runtime\cuda_availability.cpp" />
    <ClCompile Include="runtime\inference_session.cpp" />
    <ClCompile Include="runtime\mouse_thread_loop.cpp" />
    <ClCompile Include="Apotheosis.cpp" />
  </ItemGroup>
  <ItemGroup>
    <Filter Include="scr">
      <UniqueIdentifier>{0520f04b-237c-4399-a138-0b134198428c}</UniqueIdentifier>
    </Filter>
    <Filter Include="include">
      <UniqueIdentifier>{5a87bd36-3f47-4f8f-862a-c2d9ac0ec128}</UniqueIdentifier>
    </Filter>
  </ItemGroup>
  <ItemGroup>
    <ClInclude Include="include\other_tools.h" />
    <ClInclude Include="include\adaptive_reactive_tracker.h" />
    <ClInclude Include="capture\capture.h" />
    <ClInclude Include="capture\capture_utils.h" />
    <ClInclude Include="capture\udp_capture.h" />
    <ClInclude Include="capture\tcp_capture.h" />
    <ClInclude Include="capture\opencv_capture.h" />
    <ClInclude Include="capture\mf_capture.h" />
    <ClInclude Include="mouse\ghub.h" />
    <ClInclude Include="mouse\hidapi.h" />
    <ClInclude Include="mouse\KmboxAConnection.h" />
    <ClInclude Include="mouse\kmboxA.h" />
    <ClInclude Include="mouse\mouse.h" />
    <ClInclude Include="mouse\Arduino.h" />
    <ClInclude Include="mouse\AimbotTarget.h" />
    <ClInclude Include="mouse\Makcu.h" />
    <ClInclude Include="mouse\kmbox_net\HidTable.h" />
    <ClInclude Include="mouse\kmbox_net\kmboxNet.h" />
    <ClInclude Include="mouse\kmbox_net\picture.h" />
    <ClInclude Include="mouse\kmboxNetConnection.h" />
    <ClInclude Include="detector\i_detector.h" />
    <ClInclude Include="detector\trt_detector.h" />
    <ClInclude Include="detector\dml_detector.h" />
    <ClInclude Include="detector\detection_buffer.h" />
    <ClInclude Include="detector\postProcess.h" />
    <ClInclude Include="detector\model_inspector.h" />
    <ClInclude Include="detector\cuda_preprocess.h" />
    <ClInclude Include="tensorrt\nvinf.h" />
    <ClInclude Include="tensorrt\trt_monitor.h" />
    <ClInclude Include="keyboard\keyboard_listener.h" />
    <ClInclude Include="keyboard\keycodes.h" />
    <ClInclude Include="config\config.h" />
    <ClInclude Include="mem\gpu_resource_manager.h" />
    <ClInclude Include="mem\cpu_affinity_manager.h" />
    <ClInclude Include="depth\depth_anything_trt.h" />
    <ClInclude Include="depth\depth_mask.h" />
    <ClInclude Include="depth\depth_utils.h" />
    <ClInclude Include="runtime\active_hotkey.h" />
    <ClInclude Include="runtime\cuda_availability.h" />
    <ClInclude Include="runtime\inference_session.h" />
    <ClInclude Include="runtime\thread_loops.h" />
    <ClInclude Include="scr\file_picker.h" />
    <ClInclude Include="Apotheosis.h" />
  </ItemGroup>
  <ItemGroup>
    <None Include="packages.config" />
    <None Include="$(MSBuildThisFileDirectory)..\..\runtimes\win-x64\native\onnxruntime.dll" />
    <None Include="$(MSBuildThisFileDirectory)..\..\runtimes\win-x64\native\onnxruntime_providers_shared.dll" />
  </ItemGroup>
  <ItemGroup>
    <AppxManifest Include="Package.appxmanifest" />
  </ItemGroup>
  <ItemGroup>
    <CudaCompile Include="detector\cuda_preprocess.cu" />
  </ItemGroup>
</Project>
